
Microsoft Visual Studio Solution File, Format Version 12.00
# Visual Studio Version 17
VisualStudioVersion = 17.3.32819.101
MinimumVisualStudioVersion = 10.0.40219.1
Project("{FAE04EC0-301F-11D3-BF4B-00C04F79EFBC}") = "RealtimeDatabase", "RealtimeDatabase\RealtimeDatabase.csproj", "{6CB50454-FCB3-4BC4-A201-0100D57DDF6E}"
EndProject
Global
	GlobalSection(SolutionConfigurationPlatforms) = preSolution
		Debug|Any CPU = Debug|Any CPU
		Release|Any CPU = Release|Any CPU
	EndGlobalSection
	GlobalSection(ProjectConfigurationPlatforms) = postSolution
		{6CB50454-FCB3-4BC4-A201-0100D57DDF6E}.Debug|Any CPU.ActiveCfg = Debug|Any CPU
		{6CB50454-FCB3-4BC4-A201-0100D57DDF6E}.Debug|Any CPU.Build.0 = Debug|Any CPU
		{6CB50454-FCB3-4BC4-A201-0100D57DDF6E}.Release|Any CPU.ActiveCfg = Release|Any CPU
		{6CB50454-FCB3-4BC4-A201-0100D57DDF6E}.Release|Any CPU.Build.0 = Release|Any CPU
	EndGlobalSection
	GlobalSection(SolutionProperties) = preSolution
		HideSolutionNode = FALSE
	EndGlobalSection
	GlobalSection(ExtensibilityGlobals) = postSolution
		SolutionGuid = {395EDB4A-125D-4FBE-BDCB-02755D7E0F75}
	EndGlobalSection
EndGlobal
